<Solution>
  <Folder Name="/tests/">
    <Project Path="tests/MyNihongo.Mock.Tests/MyNihongo.Mock.Tests.csproj" Type="C#" />
    <Project Path="tests\MyNihongo.Mock.Abstractions.Tests\MyNihongo.Mock.Abstractions.Tests.csproj" Type="C#" />
  </Folder>
  <Project Path="sample\MyNihongo.Mock.Sample\MyNihongo.Mock.Sample.csproj" Type="C#" />
  <Project Path="src\MyNihongo.Mock.Abstractions\MyNihongo.Mock.Abstractions.csproj" Type="C#" />
  <Project Path="src\MyNihongo.Mock\MyNihongo.Mock.csproj" />
</Solution>
